
Microsoft Visual Studio Solution File, Format Version 12.00
# Visual Studio Version 17
VisualStudioVersion = 17.9.34607.119
MinimumVisualStudioVersion = 10.0.40219.1
Project("{FAE04EC0-301F-11D3-BF4B-00C04F79EFBC}") = "CoWorkingSystem", "CoWorkingSystem\CoWorkingSystem.csproj", "{6EC43E81-331F-4ABD-BF5A-62F45CF11424}"
EndProject
Global
	GlobalSection(SolutionConfigurationPlatforms) = preSolution
		Debug|Any CPU = Debug|Any CPU
		Release|Any CPU = Release|Any CPU
	EndGlobalSection
	GlobalSection(ProjectConfigurationPlatforms) = postSolution
		{6EC43E81-331F-4ABD-BF5A-62F45CF11424}.Debug|Any CPU.ActiveCfg = Debug|Any CPU
		{6EC43E81-331F-4ABD-BF5A-62F45CF11424}.Debug|Any CPU.Build.0 = Debug|Any CPU
		{6EC43E81-331F-4ABD-BF5A-62F45CF11424}.Release|Any CPU.ActiveCfg = Release|Any CPU
		{6EC43E81-331F-4ABD-BF5A-62F45CF11424}.Release|Any CPU.Build.0 = Release|Any CPU
	EndGlobalSection
	GlobalSection(SolutionProperties) = preSolution
		HideSolutionNode = FALSE
	EndGlobalSection
	GlobalSection(ExtensibilityGlobals) = postSolution
		SolutionGuid = {C177E1D3-7DB9-4994-852F-DD2C156BA5E8}
	EndGlobalSection
EndGlobal
